
Microsoft Visual Studio Solution File, Format Version 12.00
# Visual Studio Version 16
VisualStudioVersion = 16.0.31129.286
MinimumVisualStudioVersion = 10.0.40219.1
Project("{8BC9CEB8-8B4A-11D0-8D11-00A0C91BC942}") = "class94", "class94.vcxproj", "{D0286D2B-D012-4A95-BAD0-807DC55D8C41}"
EndProject
Global
	GlobalSection(SolutionConfigurationPlatforms) = preSolution
		Debug|x64 = Debug|x64
		Debug|x86 = Debug|x86
		Release|x64 = Release|x64
		Release|x86 = Release|x86
	EndGlobalSection
	GlobalSection(ProjectConfigurationPlatforms) = postSolution
		{D0286D2B-D012-4A95-BAD0-807DC55D8C41}.Debug|x64.ActiveCfg = Debug|x64
		{D0286D2B-D012-4A95-BAD0-807DC55D8C41}.Debug|x64.Build.0 = Debug|x64
		{D0286D2B-D012-4A95-BAD0-807DC55D8C41}.Debug|x86.ActiveCfg = Debug|Win32
		{D0286D2B-D012-4A95-BAD0-807DC55D8C41}.Debug|x86.Build.0 = Debug|Win32
		{D0286D2B-D012-4A95-BAD0-807DC55D8C41}.Release|x64.ActiveCfg = Release|x64
		{D0286D2B-D012-4A95-BAD0-807DC55D8C41}.Release|x64.Build.0 = Release|x64
		{D0286D2B-D012-4A95-BAD0-807DC55D8C41}.Release|x86.ActiveCfg = Release|Win32
		{D0286D2B-D012-4A95-BAD0-807DC55D8C41}.Release|x86.Build.0 = Release|Win32
	EndGlobalSection
	GlobalSection(SolutionProperties) = preSolution
		HideSolutionNode = FALSE
	EndGlobalSection
	GlobalSection(ExtensibilityGlobals) = postSolution
		SolutionGuid = {7CD9C364-C5CC-47AB-9C99-FE0415DC7BE9}
	EndGlobalSection
EndGlobal
